Microsoft Visual Studio Solution File, Format Version 12.00
# Visual Studio 14
VisualStudioVersion = 14.0.22823.1
MinimumVisualStudioVersion = 10.0.40219.1
Project("{2150E333-8FDC-42A3-9474-1A3956D46DE8}") = "AFNetworking", "AFNetworking", "{DCAA0B71-5D98-462B-BE34-D7B4957F1960}"
EndProject
Project("{2150E333-8FDC-42A3-9474-1A3956D46DE8}") = "AFNetworking Example", "AFNetworking Example", "{456AB15E-6300-4B03-9CA2-7686969128D9}"
EndProject
Project("{8BC9CEB8-8B4A-11D0-8D11-00A0C91BC942}") = "AFNetworking-Headers", "AFNetworking.vsimporter\AFNetworking-Headers-WinStore10\AFNetworking-Headers.vcxitems", "{C19964CF-B50B-47B7-96E8-4458CF9680A3}"
EndProject
Project("{8BC9CEB8-8B4A-11D0-8D11-00A0C91BC942}") = "AFNetworking tvOS", "AFNetworking.vsimporter\AFNetworking tvOS-WinStore10\AFNetworking tvOS.vcxproj", "{375A6F27-56B9-4E7C-832B-3CE7266EA913}"
EndProject
Project("{8BC9CEB8-8B4A-11D0-8D11-00A0C91BC942}") = "AFNetworking iOS", "AFNetworking.vsimporter\AFNetworking iOS-WinStore10\AFNetworking iOS.vcxproj", "{F169B3E6-7A3B-465F-8DED-C9BD8AA908B9}"
EndProject
Project("{8BC9CEB8-8B4A-11D0-8D11-00A0C91BC942}") = "AFNetworking watchOS", "AFNetworking.vsimporter\AFNetworking watchOS-WinStore10\AFNetworking watchOS.vcxproj", "{B238BA25-96FE-4128-BF38-71CFACB3C615}"
EndProject
Project("{8BC9CEB8-8B4A-11D0-8D11-00A0C91BC942}") = "AFNetworking OS X", "AFNetworking.vsimporter\AFNetworking OS X-WinStore10\AFNetworking OS X.vcxproj", "{25D8EAA2-143B-40E2-8456-C8E566895D0A}"
EndProject
Project("{8BC9CEB8-8B4A-11D0-8D11-00A0C91BC942}") = "AFNetworking Example-Headers", "Example\AFNetworking Example.vsimporter\AFNetworking Example-Headers-WinStore10\AFNetworking Example-Headers.vcxitems", "{79421C01-0CBA-43A2-81BF-953F9AD96DED}"
EndProject
Project("{8BC9CEB8-8B4A-11D0-8D11-00A0C91BC942}") = "iOS Example", "Example\AFNetworking Example.vsimporter\iOS Example-WinStore10\iOS Example.vcxproj", "{009E9A0E-1128-44AE-AF7D-A932254579CD}"
	ProjectSection(ProjectDependencies) = postProject
		{F169B3E6-7A3B-465F-8DED-C9BD8AA908B9} = {F169B3E6-7A3B-465F-8DED-C9BD8AA908B9}
	EndProjectSection
EndProject
Project("{8BC9CEB8-8B4A-11D0-8D11-00A0C91BC942}") = "OS X Example", "Example\AFNetworking Example.vsimporter\OS X Example-WinStore10\OS X Example.vcxproj", "{A6DC0DB1-10B0-43D3-8B1A-AD0234627881}"
	ProjectSection(ProjectDependencies) = postProject
		{F169B3E6-7A3B-465F-8DED-C9BD8AA908B9} = {F169B3E6-7A3B-465F-8DED-C9BD8AA908B9}
	EndProjectSection
EndProject
Project("{8BC9CEB8-8B4A-11D0-8D11-00A0C91BC942}") = "tvOS Example", "Example\AFNetworking Example.vsimporter\tvOS Example-WinStore10\tvOS Example.vcxproj", "{639F8E75-CC5B-45E9-9059-18926514E7D7}"
	ProjectSection(ProjectDependencies) = postProject
		{F169B3E6-7A3B-465F-8DED-C9BD8AA908B9} = {F169B3E6-7A3B-465F-8DED-C9BD8AA908B9}
	EndProjectSection
EndProject
Global
	GlobalSection(SharedMSBuildProjectFiles) = preSolution
		AFNetworking.vsimporter\AFNetworking-Headers-WinStore10\AFNetworking-Headers.vcxitems*{25D8EAA2-143B-40E2-8456-C8E566895D0A}*SharedItemsImports = 4
		AFNetworking.vsimporter\AFNetworking-Headers-WinStore10\AFNetworking-Headers.vcxitems*{F169B3E6-7A3B-465F-8DED-C9BD8AA908B9}*SharedItemsImports = 4
		AFNetworking.vsimporter\AFNetworking-Headers-WinStore10\AFNetworking-Headers.vcxitems*{375A6F27-56B9-4E7C-832B-3CE7266EA913}*SharedItemsImports = 4
		AFNetworking.vsimporter\AFNetworking-Headers-WinStore10\AFNetworking-Headers.vcxitems*{B238BA25-96FE-4128-BF38-71CFACB3C615}*SharedItemsImports = 4
		AFNetworking.vsimporter\AFNetworking-Headers-WinStore10\AFNetworking-Headers.vcxitems*{C19964CF-B50B-47B7-96E8-4458CF9680A3}*SharedItemsImports = 9
		Example\AFNetworking Example.vsimporter\AFNetworking Example-Headers-WinStore10\AFNetworking Example-Headers.vcxitems*{79421C01-0CBA-43A2-81BF-953F9AD96DED}*SharedItemsImports = 9
		Example\AFNetworking Example.vsimporter\AFNetworking Example-Headers-WinStore10\AFNetworking Example-Headers.vcxitems*{A6DC0DB1-10B0-43D3-8B1A-AD0234627881}*SharedItemsImports = 4
		Example\AFNetworking Example.vsimporter\AFNetworking Example-Headers-WinStore10\AFNetworking Example-Headers.vcxitems*{009E9A0E-1128-44AE-AF7D-A932254579CD}*SharedItemsImports = 4
		Example\AFNetworking Example.vsimporter\AFNetworking Example-Headers-WinStore10\AFNetworking Example-Headers.vcxitems*{639F8E75-CC5B-45E9-9059-18926514E7D7}*SharedItemsImports = 4
	EndGlobalSection
	GlobalSection(SolutionConfigurationPlatforms) = preSolution
		Debug|Win32 = Debug|Win32
		Release|Win32 = Release|Win32
	EndGlobalSection
	GlobalSection(ProjectConfigurationPlatforms) = postSolution
		{25D8EAA2-143B-40E2-8456-C8E566895D0A}.Debug|Win32.ActiveCfg = Debug|Win32
		{25D8EAA2-143B-40E2-8456-C8E566895D0A}.Debug|Win32.Build.0 = Debug|Win32
		{25D8EAA2-143B-40E2-8456-C8E566895D0A}.Release|Win32.ActiveCfg = Release|Win32
		{25D8EAA2-143B-40E2-8456-C8E566895D0A}.Release|Win32.Build.0 = Release|Win32
		{F169B3E6-7A3B-465F-8DED-C9BD8AA908B9}.Debug|Win32.ActiveCfg = Debug|Win32
		{F169B3E6-7A3B-465F-8DED-C9BD8AA908B9}.Debug|Win32.Build.0 = Debug|Win32
		{F169B3E6-7A3B-465F-8DED-C9BD8AA908B9}.Release|Win32.ActiveCfg = Release|Win32
		{F169B3E6-7A3B-465F-8DED-C9BD8AA908B9}.Release|Win32.Build.0 = Release|Win32
		{375A6F27-56B9-4E7C-832B-3CE7266EA913}.Debug|Win32.ActiveCfg = Debug|Win32
		{375A6F27-56B9-4E7C-832B-3CE7266EA913}.Debug|Win32.Build.0 = Debug|Win32
		{375A6F27-56B9-4E7C-832B-3CE7266EA913}.Release|Win32.ActiveCfg = Release|Win32
		{375A6F27-56B9-4E7C-832B-3CE7266EA913}.Release|Win32.Build.0 = Release|Win32
		{B238BA25-96FE-4128-BF38-71CFACB3C615}.Debug|Win32.ActiveCfg = Debug|Win32
		{B238BA25-96FE-4128-BF38-71CFACB3C615}.Debug|Win32.Build.0 = Debug|Win32
		{B238BA25-96FE-4128-BF38-71CFACB3C615}.Release|Win32.ActiveCfg = Release|Win32
		{B238BA25-96FE-4128-BF38-71CFACB3C615}.Release|Win32.Build.0 = Release|Win32
		{A6DC0DB1-10B0-43D3-8B1A-AD0234627881}.Debug|Win32.ActiveCfg = Debug|Win32
		{A6DC0DB1-10B0-43D3-8B1A-AD0234627881}.Debug|Win32.Build.0 = Debug|Win32
		{A6DC0DB1-10B0-43D3-8B1A-AD0234627881}.Debug|Win32.Deploy.0 = Debug|Win32
		{A6DC0DB1-10B0-43D3-8B1A-AD0234627881}.Release|Win32.ActiveCfg = Release|Win32
		{A6DC0DB1-10B0-43D3-8B1A-AD0234627881}.Release|Win32.Build.0 = Release|Win32
		{A6DC0DB1-10B0-43D3-8B1A-AD0234627881}.Release|Win32.Deploy.0 = Release|Win32
		{009E9A0E-1128-44AE-AF7D-A932254579CD}.Debug|Win32.ActiveCfg = Debug|Win32
		{009E9A0E-1128-44AE-AF7D-A932254579CD}.Debug|Win32.Build.0 = Debug|Win32
		{009E9A0E-1128-44AE-AF7D-A932254579CD}.Debug|Win32.Deploy.0 = Debug|Win32
		{009E9A0E-1128-44AE-AF7D-A932254579CD}.Release|Win32.ActiveCfg = Release|Win32
		{009E9A0E-1128-44AE-AF7D-A932254579CD}.Release|Win32.Build.0 = Release|Win32
		{009E9A0E-1128-44AE-AF7D-A932254579CD}.Release|Win32.Deploy.0 = Release|Win32
		{639F8E75-CC5B-45E9-9059-18926514E7D7}.Debug|Win32.ActiveCfg = Debug|Win32
		{639F8E75-CC5B-45E9-9059-18926514E7D7}.Debug|Win32.Build.0 = Debug|Win32
		{639F8E75-CC5B-45E9-9059-18926514E7D7}.Debug|Win32.Deploy.0 = Debug|Win32
		{639F8E75-CC5B-45E9-9059-18926514E7D7}.Release|Win32.ActiveCfg = Release|Win32
		{639F8E75-CC5B-45E9-9059-18926514E7D7}.Release|Win32.Build.0 = Release|Win32
		{639F8E75-CC5B-45E9-9059-18926514E7D7}.Release|Win32.Deploy.0 = Release|Win32
	EndGlobalSection
	GlobalSection(SolutionProperties) = preSolution
		HideSolutionNode = FALSE
	EndGlobalSection
	GlobalSection(NestedProjects) = preSolution
		{C19964CF-B50B-47B7-96E8-4458CF9680A3} = {DCAA0B71-5D98-462B-BE34-D7B4957F1960}
		{375A6F27-56B9-4E7C-832B-3CE7266EA913} = {DCAA0B71-5D98-462B-BE34-D7B4957F1960}
		{F169B3E6-7A3B-465F-8DED-C9BD8AA908B9} = {DCAA0B71-5D98-462B-BE34-D7B4957F1960}
		{B238BA25-96FE-4128-BF38-71CFACB3C615} = {DCAA0B71-5D98-462B-BE34-D7B4957F1960}
		{25D8EAA2-143B-40E2-8456-C8E566895D0A} = {DCAA0B71-5D98-462B-BE34-D7B4957F1960}
		{79421C01-0CBA-43A2-81BF-953F9AD96DED} = {456AB15E-6300-4B03-9CA2-7686969128D9}
		{009E9A0E-1128-44AE-AF7D-A932254579CD} = {456AB15E-6300-4B03-9CA2-7686969128D9}
		{A6DC0DB1-10B0-43D3-8B1A-AD0234627881} = {456AB15E-6300-4B03-9CA2-7686969128D9}
		{639F8E75-CC5B-45E9-9059-18926514E7D7} = {456AB15E-6300-4B03-9CA2-7686969128D9}
	EndGlobalSection
EndGlobal
